
Microsoft Visual Studio Solution File, Format Version 12.00
# Visual Studio Version 16
VisualStudioVersion = 16.0.30413.136
MinimumVisualStudioVersion = 10.0.40219.1
Project("{FAE04EC0-301F-11D3-BF4B-00C04F79EFBC}") = "BookClass", "Book\BookClass.csproj", "{E086D9D7-52BA-4721-B2C5-A9E3E4677E6E}"
EndProject
Project("{FAE04EC0-301F-11D3-BF4B-00C04F79EFBC}") = "UnitTestBook", "UnitTestBook\UnitTestBook.csproj", "{4219ACA1-C6C0-449E-B478-39D457440CE3}"
EndProject
Global
	GlobalSection(SolutionConfigurationPlatforms) = preSolution
		Debug|Any CPU = Debug|Any CPU
		Release|Any CPU = Release|Any CPU
	EndGlobalSection
	GlobalSection(ProjectConfigurationPlatforms) = postSolution
		{E086D9D7-52BA-4721-B2C5-A9E3E4677E6E}.Debug|Any CPU.ActiveCfg = Debug|Any CPU
		{E086D9D7-52BA-4721-B2C5-A9E3E4677E6E}.Debug|Any CPU.Build.0 = Debug|Any CPU
		{E086D9D7-52BA-4721-B2C5-A9E3E4677E6E}.Release|Any CPU.ActiveCfg = Release|Any CPU
		{E086D9D7-52BA-4721-B2C5-A9E3E4677E6E}.Release|Any CPU.Build.0 = Release|Any CPU
		{4219ACA1-C6C0-449E-B478-39D457440CE3}.Debug|Any CPU.ActiveCfg = Debug|Any CPU
		{4219ACA1-C6C0-449E-B478-39D457440CE3}.Debug|Any CPU.Build.0 = Debug|Any CPU
		{4219ACA1-C6C0-449E-B478-39D457440CE3}.Release|Any CPU.ActiveCfg = Release|Any CPU
		{4219ACA1-C6C0-449E-B478-39D457440CE3}.Release|Any CPU.Build.0 = Release|Any CPU
	EndGlobalSection
	GlobalSection(SolutionProperties) = preSolution
		HideSolutionNode = FALSE
	EndGlobalSection
	GlobalSection(ExtensibilityGlobals) = postSolution
		SolutionGuid = {EC20B211-1050-497F-8CA0-64CA35878A95}
	EndGlobalSection
EndGlobal
